
Microsoft Visual Studio Solution File, Format Version 12.00
# Visual Studio 14
VisualStudioVersion = 14.0.23107.0
MinimumVisualStudioVersion = 10.0.40219.1
Project("{FAE04EC0-301F-11D3-BF4B-00C04F79EFBC}") = "LogParser", "LogParser\LogParser.csproj", "{785C3F96-1B76-4BA3-A751-F5091A6CC34E}"
EndProject
Project("{FAE04EC0-301F-11D3-BF4B-00C04F79EFBC}") = "UnitTests", "UnitTests\UnitTests.csproj", "{4DBE456E-0B0A-41A1-AAAC-827BDA3F8EE2}"
EndProject
Global
	GlobalSection(SolutionConfigurationPlatforms) = preSolution
		Debug|Any CPU = Debug|Any CPU
		Release|Any CPU = Release|Any CPU
	EndGlobalSection
	GlobalSection(ProjectConfigurationPlatforms) = postSolution
		{785C3F96-1B76-4BA3-A751-F5091A6CC34E}.Debug|Any CPU.ActiveCfg = Debug|Any CPU
		{785C3F96-1B76-4BA3-A751-F5091A6CC34E}.Debug|Any CPU.Build.0 = Debug|Any CPU
		{785C3F96-1B76-4BA3-A751-F5091A6CC34E}.Release|Any CPU.ActiveCfg = Release|Any CPU
		{785C3F96-1B76-4BA3-A751-F5091A6CC34E}.Release|Any CPU.Build.0 = Release|Any CPU
		{4DBE456E-0B0A-41A1-AAAC-827BDA3F8EE2}.Debug|Any CPU.ActiveCfg = Debug|Any CPU
		{4DBE456E-0B0A-41A1-AAAC-827BDA3F8EE2}.Debug|Any CPU.Build.0 = Debug|Any CPU
		{4DBE456E-0B0A-41A1-AAAC-827BDA3F8EE2}.Release|Any CPU.ActiveCfg = Release|Any CPU
		{4DBE456E-0B0A-41A1-AAAC-827BDA3F8EE2}.Release|Any CPU.Build.0 = Release|Any CPU
	EndGlobalSection
	GlobalSection(SolutionProperties) = preSolution
		HideSolutionNode = FALSE
	EndGlobalSection
EndGlobal
